// !$*UTF8*$!
{
	archiveVersion = 1;
	classes = {
	};
	objectVersion = 56;
	objects = {

/* Begin PBXBuildFile section */
		3D138AEC2976BA36004E163D /* 7569.cpp in Sources */ = {isa = PBXBuildFile; fileRef = 3D138AEB2976BA36004E163D /* 7569.cpp */; };
		3D138AEF2978FC71004E163D /* 1629.cpp in Sources */ = {isa = PBXBuildFile; fileRef = 3D138AEE2978FC70004E163D /* 1629.cpp */; };
		3D138AF129791E1D004E163D /* 5427.cpp in Sources */ = {isa = PBXBuildFile; fileRef = 3D138AF029791E1D004E163D /* 5427.cpp */; };
		3D138AF329828FE4004E163D /* 2667.cpp in Sources */ = {isa = PBXBuildFile; fileRef = 3D138AF229828FE4004E163D /* 2667.cpp */; };
		3D138AF629876634004E163D /* 2839.cpp in Sources */ = {isa = PBXBuildFile; fileRef = 3D138AF529876633004E163D /* 2839.cpp */; };
		3DC008C52966A33500BE51BD /* 10808.cpp in Sources */ = {isa = PBXBuildFile; fileRef = 3DC008C42966A33500BE51BD /* 10808.cpp */; };
		3DC008C72966A61900BE51BD /* lecture.cpp in Sources */ = {isa = PBXBuildFile; fileRef = 3DC008C62966A61900BE51BD /* lecture.cpp */; };
		3DC008C92967B2FD00BE51BD /* 2577.cpp in Sources */ = {isa = PBXBuildFile; fileRef = 3DC008C82967B2FD00BE51BD /* 2577.cpp */; };
		3DC008CC2967BA3500BE51BD /* 1475.cpp in Sources */ = {isa = PBXBuildFile; fileRef = 3DC008CA2967BA3500BE51BD /* 1475.cpp */; };
		3DC008CF296A8C8000BE51BD /*  lecture_linkedlist.cpp in Sources */ = {isa = PBXBuildFile; fileRef = 3DC008CE296A8C8000BE51BD /*  lecture_linkedlist.cpp */; };
		3DC008D1296A99CF00BE51BD /* 1046.cpp in Sources */ = {isa = PBXBuildFile; fileRef = 3DC008D0296A99CF00BE51BD /* 1046.cpp */; };
		3DC008D3296C38C500BE51BD /* 5397.cpp in Sources */ = {isa = PBXBuildFile; fileRef = 3DC008D2296C38C500BE51BD /* 5397.cpp */; };
		3DC008D6296D105D00BE51BD /* 10828.cpp in Sources */ = {isa = PBXBuildFile; fileRef = 3DC008D5296D105D00BE51BD /* 10828.cpp */; };
		3DC008D8296D274F00BE51BD /* 1874.cpp in Sources */ = {isa = PBXBuildFile; fileRef = 3DC008D7296D274F00BE51BD /* 1874.cpp */; };
		3DC008DB296FC93400BE51BD /* queue_lecture.cpp in Sources */ = {isa = PBXBuildFile; fileRef = 3DC008DA296FC93400BE51BD /* queue_lecture.cpp */; };
		3DC008DD296FD10B00BE51BD /* 10845.cpp in Sources */ = {isa = PBXBuildFile; fileRef = 3DC008DC296FD10B00BE51BD /* 10845.cpp */; };
		3DC008DF296FEBDB00BE51BD /* 2146.cpp in Sources */ = {isa = PBXBuildFile; fileRef = 3DC008DE296FEBDB00BE51BD /* 2146.cpp */; };
		3DC008E129712FF300BE51BD /* 4949.cpp in Sources */ = {isa = PBXBuildFile; fileRef = 3DC008E029712FF200BE51BD /* 4949.cpp */; };
		3DC008E32973D6B500BE51BD /* 10799.cpp in Sources */ = {isa = PBXBuildFile; fileRef = 3DC008E22973D6B500BE51BD /* 10799.cpp */; };
		3DC008E6297500AA00BE51BD /* 1926.cpp in Sources */ = {isa = PBXBuildFile; fileRef = 3DC008E5297500AA00BE51BD /* 1926.cpp */; };
		3DC008E829753A5700BE51BD /* 2178.cpp in Sources */ = {isa = PBXBuildFile; fileRef = 3DC008E729753A5700BE51BD /* 2178.cpp */; };
		3DC008EC29766E0200BE51BD /* 7576.cpp in Sources */ = {isa = PBXBuildFile; fileRef = 3DC008EB29766E0200BE51BD /* 7576.cpp */; };
/* End PBXBuildFile section */

/* Begin PBXCopyFilesBuildPhase section */
		3DC008B82966A2F100BE51BD /* CopyFiles */ = {
			isa = PBXCopyFilesBuildPhase;
			buildActionMask = 2147483647;
			dstPath = /usr/share/man/man1/;
			dstSubfolderSpec = 0;
			files = (
			);
			runOnlyForDeploymentPostprocessing = 1;
		};
/* End PBXCopyFilesBuildPhase section */

/* Begin PBXFileReference section */
		3D138AEB2976BA36004E163D /* 7569.cpp */ = {isa = PBXFileReference; lastKnownFileType = sourcecode.cpp.cpp; path = 7569.cpp; sourceTree = "<group>"; };
		3D138AEE2978FC70004E163D /* 1629.cpp */ = {isa = PBXFileReference; lastKnownFileType = sourcecode.cpp.cpp; path = 1629.cpp; sourceTree = "<group>"; };
		3D138AF029791E1D004E163D /* 5427.cpp */ = {isa = PBXFileReference; lastKnownFileType = sourcecode.cpp.cpp; path = 5427.cpp; sourceTree = "<group>"; };
		3D138AF229828FE4004E163D /* 2667.cpp */ = {isa = PBXFileReference; lastKnownFileType = sourcecode.cpp.cpp; path = 2667.cpp; sourceTree = "<group>"; };
		3D138AF529876633004E163D /* 2839.cpp */ = {isa = PBXFileReference; lastKnownFileType = sourcecode.cpp.cpp; path = 2839.cpp; sourceTree = "<group>"; };
		3DC008BA2966A2F100BE51BD /* Array */ = {isa = PBXFileReference; explicitFileType = "compiled.mach-o.executable"; includeInIndex = 0; path = Array; sourceTree = BUILT_PRODUCTS_DIR; };
		3DC008C42966A33500BE51BD /* 10808.cpp */ = {isa = PBXFileReference; lastKnownFileType = sourcecode.cpp.cpp; path = 10808.cpp; sourceTree = "<group>"; };
		3DC008C62966A61900BE51BD /* lecture.cpp */ = {isa = PBXFileReference; lastKnownFileType = sourcecode.cpp.cpp; path = lecture.cpp; sourceTree = "<group>"; };
		3DC008C82967B2FD00BE51BD /* 2577.cpp */ = {isa = PBXFileReference; lastKnownFileType = sourcecode.cpp.cpp; path = 2577.cpp; sourceTree = "<group>"; };
		3DC008CA2967BA3500BE51BD /* 1475.cpp */ = {isa = PBXFileReference; lastKnownFileType = sourcecode.cpp.cpp; path = 1475.cpp; sourceTree = "<group>"; };
		3DC008CE296A8C8000BE51BD /*  lecture_linkedlist.cpp */ = {isa = PBXFileReference; lastKnownFileType = sourcecode.cpp.cpp; path = " lecture_linkedlist.cpp"; sourceTree = "<group>"; };
		3DC008D0296A99CF00BE51BD /* 1046.cpp */ = {isa = PBXFileReference; lastKnownFileType = sourcecode.cpp.cpp; path = 1046.cpp; sourceTree = "<group>"; };
		3DC008D2296C38C500BE51BD /* 5397.cpp */ = {isa = PBXFileReference; lastKnownFileType = sourcecode.cpp.cpp; path = 5397.cpp; sourceTree = "<group>"; };
		3DC008D5296D105D00BE51BD /* 10828.cpp */ = {isa = PBXFileReference; lastKnownFileType = sourcecode.cpp.cpp; path = 10828.cpp; sourceTree = "<group>"; };
		3DC008D7296D274F00BE51BD /* 1874.cpp */ = {isa = PBXFileReference; lastKnownFileType = sourcecode.cpp.cpp; path = 1874.cpp; sourceTree = "<group>"; };
		3DC008DA296FC93400BE51BD /* queue_lecture.cpp */ = {isa = PBXFileReference; lastKnownFileType = sourcecode.cpp.cpp; path = queue_lecture.cpp; sourceTree = "<group>"; };
		3DC008DC296FD10B00BE51BD /* 10845.cpp */ = {isa = PBXFileReference; lastKnownFileType = sourcecode.cpp.cpp; path = 10845.cpp; sourceTree = "<group>"; };
		3DC008DE296FEBDB00BE51BD /* 2146.cpp */ = {isa = PBXFileReference; lastKnownFileType = sourcecode.cpp.cpp; path = 2146.cpp; sourceTree = "<group>"; };
		3DC008E029712FF200BE51BD /* 4949.cpp */ = {isa = PBXFileReference; lastKnownFileType = sourcecode.cpp.cpp; path = 4949.cpp; sourceTree = "<group>"; };
		3DC008E22973D6B500BE51BD /* 10799.cpp */ = {isa = PBXFileReference; lastKnownFileType = sourcecode.cpp.cpp; path = 10799.cpp; sourceTree = "<group>"; };
		3DC008E5297500AA00BE51BD /* 1926.cpp */ = {isa = PBXFileReference; lastKnownFileType = sourcecode.cpp.cpp; path = 1926.cpp; sourceTree = "<group>"; };
		3DC008E729753A5700BE51BD /* 2178.cpp */ = {isa = PBXFileReference; lastKnownFileType = sourcecode.cpp.cpp; path = 2178.cpp; sourceTree = "<group>"; };
		3DC008EB29766E0200BE51BD /* 7576.cpp */ = {isa = PBXFileReference; lastKnownFileType = sourcecode.cpp.cpp; path = 7576.cpp; sourceTree = "<group>"; };
/* End PBXFileReference section */

/* Begin PBXFrameworksBuildPhase section */
		3DC008B72966A2F100BE51BD /* Frameworks */ = {
			isa = PBXFrameworksBuildPhase;
			buildActionMask = 2147483647;
			files = (
			);
			runOnlyForDeploymentPostprocessing = 0;
		};
/* End PBXFrameworksBuildPhase section */

/* Begin PBXGroup section */
		3D138AED2978FC3F004E163D /* Recursion */ = {
			isa = PBXGroup;
			children = (
				3D138AEE2978FC70004E163D /* 1629.cpp */,
			);
			path = Recursion;
			sourceTree = "<group>";
		};
		3D138AF42987661E004E163D /* ETC */ = {
			isa = PBXGroup;
			children = (
				3D138AF529876633004E163D /* 2839.cpp */,
			);
			path = ETC;
			sourceTree = "<group>";
		};
		3DC008B12966A2F100BE51BD = {
			isa = PBXGroup;
			children = (
				3D138AF42987661E004E163D /* ETC */,
				3D138AED2978FC3F004E163D /* Recursion */,
				3DC008E42975008F00BE51BD /* BFS */,
				3DC008D9296FC8CF00BE51BD /* Queue */,
				3DC008D4296D104600BE51BD /* Stack */,
				3DC008CD296A8C6000BE51BD /* LinkedList */,
				3DC008BC2966A2F100BE51BD /* Array */,
				3DC008BB2966A2F100BE51BD /* Products */,
			);
			sourceTree = "<group>";
		};
		3DC008BB2966A2F100BE51BD /* Products */ = {
			isa = PBXGroup;
			children = (
				3DC008BA2966A2F100BE51BD /* Array */,
			);
			name = Products;
			sourceTree = "<group>";
		};
		3DC008BC2966A2F100BE51BD /* Array */ = {
			isa = PBXGroup;
			children = (
				3DC008C42966A33500BE51BD /* 10808.cpp */,
				3DC008C82967B2FD00BE51BD /* 2577.cpp */,
				3DC008C62966A61900BE51BD /* lecture.cpp */,
				3DC008CA2967BA3500BE51BD /* 1475.cpp */,
			);
			path = Array;
			sourceTree = "<group>";
		};
		3DC008CD296A8C6000BE51BD /* LinkedList */ = {
			isa = PBXGroup;
			children = (
				3DC008CE296A8C8000BE51BD /*  lecture_linkedlist.cpp */,
				3DC008D0296A99CF00BE51BD /* 1046.cpp */,
				3DC008D2296C38C500BE51BD /* 5397.cpp */,
			);
			path = LinkedList;
			sourceTree = "<group>";
		};
		3DC008D4296D104600BE51BD /* Stack */ = {
			isa = PBXGroup;
			children = (
				3DC008D5296D105D00BE51BD /* 10828.cpp */,
				3DC008D7296D274F00BE51BD /* 1874.cpp */,
				3DC008E029712FF200BE51BD /* 4949.cpp */,
				3DC008E22973D6B500BE51BD /* 10799.cpp */,
			);
			path = Stack;
			sourceTree = "<group>";
		};
		3DC008D9296FC8CF00BE51BD /* Queue */ = {
			isa = PBXGroup;
			children = (
				3DC008DA296FC93400BE51BD /* queue_lecture.cpp */,
				3DC008DC296FD10B00BE51BD /* 10845.cpp */,
				3DC008DE296FEBDB00BE51BD /* 2146.cpp */,
			);
			path = Queue;
			sourceTree = "<group>";
		};
		3DC008E42975008F00BE51BD /* BFS */ = {
			isa = PBXGroup;
			children = (
				3DC008E5297500AA00BE51BD /* 1926.cpp */,
				3DC008E729753A5700BE51BD /* 2178.cpp */,
				3DC008EB29766E0200BE51BD /* 7576.cpp */,
				3D138AEB2976BA36004E163D /* 7569.cpp */,
				3D138AF029791E1D004E163D /* 5427.cpp */,
				3D138AF229828FE4004E163D /* 2667.cpp */,
			);
			path = BFS;
			sourceTree = "<group>";
		};
/* End PBXGroup section */

/* Begin PBXNativeTarget section */
		3DC008B92966A2F100BE51BD /* Array */ = {
			isa = PBXNativeTarget;
			buildConfigurationList = 3DC008C12966A2F100BE51BD /* Build configuration list for PBXNativeTarget "Array" */;
			buildPhases = (
				3DC008B62966A2F100BE51BD /* Sources */,
				3DC008B72966A2F100BE51BD /* Frameworks */,
				3DC008B82966A2F100BE51BD /* CopyFiles */,
			);
			buildRules = (
			);
			dependencies = (
			);
			name = Array;
			productName = Array;
			productReference = 3DC008BA2966A2F100BE51BD /* Array */;
			productType = "com.apple.product-type.tool";
		};
/* End PBXNativeTarget section */

/* Begin PBXProject section */
		3DC008B22966A2F100BE51BD /* Project object */ = {
			isa = PBXProject;
			attributes = {
				BuildIndependentTargetsInParallel = 1;
				LastUpgradeCheck = 1420;
				TargetAttributes = {
					3DC008B92966A2F100BE51BD = {
						CreatedOnToolsVersion = 14.2;
					};
				};
			};
			buildConfigurationList = 3DC008B52966A2F100BE51BD /* Build configuration list for PBXProject "CodingTest" */;
			compatibilityVersion = "Xcode 14.0";
			developmentRegion = en;
			hasScannedForEncodings = 0;
			knownRegions = (
				en,
				Base,
			);
			mainGroup = 3DC008B12966A2F100BE51BD;
			productRefGroup = 3DC008BB2966A2F100BE51BD /* Products */;
			projectDirPath = "";
			projectRoot = "";
			targets = (
				3DC008B92966A2F100BE51BD /* Array */,
			);
		};
/* End PBXProject section */

/* Begin PBXSourcesBuildPhase section */
		3DC008B62966A2F100BE51BD /* Sources */ = {
			isa = PBXSourcesBuildPhase;
			buildActionMask = 2147483647;
			files = (
				3D138AEC2976BA36004E163D /* 7569.cpp in Sources */,
				3DC008DD296FD10B00BE51BD /* 10845.cpp in Sources */,
				3DC008DB296FC93400BE51BD /* queue_lecture.cpp in Sources */,
				3D138AF629876634004E163D /* 2839.cpp in Sources */,
				3DC008EC29766E0200BE51BD /* 7576.cpp in Sources */,
				3DC008E32973D6B500BE51BD /* 10799.cpp in Sources */,
				3DC008D8296D274F00BE51BD /* 1874.cpp in Sources */,
				3DC008E129712FF300BE51BD /* 4949.cpp in Sources */,
				3DC008D1296A99CF00BE51BD /* 1046.cpp in Sources */,
				3DC008D3296C38C500BE51BD /* 5397.cpp in Sources */,
				3DC008C92967B2FD00BE51BD /* 2577.cpp in Sources */,
				3DC008DF296FEBDB00BE51BD /* 2146.cpp in Sources */,
				3D138AEF2978FC71004E163D /* 1629.cpp in Sources */,
				3DC008E6297500AA00BE51BD /* 1926.cpp in Sources */,
				3DC008CF296A8C8000BE51BD /*  lecture_linkedlist.cpp in Sources */,
				3D138AF129791E1D004E163D /* 5427.cpp in Sources */,
				3D138AF329828FE4004E163D /* 2667.cpp in Sources */,
				3DC008E829753A5700BE51BD /* 2178.cpp in Sources */,
				3DC008C52966A33500BE51BD /* 10808.cpp in Sources */,
				3DC008D6296D105D00BE51BD /* 10828.cpp in Sources */,
				3DC008CC2967BA3500BE51BD /* 1475.cpp in Sources */,
				3DC008C72966A61900BE51BD /* lecture.cpp in Sources */,
			);
			runOnlyForDeploymentPostprocessing = 0;
		};
/* End PBXSourcesBuildPhase section */

/* Begin XCBuildConfiguration section */
		3DC008BF2966A2F100BE51BD /* Debug */ = {
			isa = XCBuildConfiguration;
			buildSettings = {
				ALWAYS_SEARCH_USER_PATHS = NO;
				CLANG_ANALYZER_NONNULL = YES;
				CLANG_ANALYZER_NUMBER_OBJECT_CONVERSION = YES_AGGRESSIVE;
				CLANG_CXX_LANGUAGE_STANDARD = "gnu++20";
				CLANG_ENABLE_MODULES = YES;
				CLANG_ENABLE_OBJC_ARC = YES;
				CLANG_ENABLE_OBJC_WEAK = YES;
				CLANG_WARN_BLOCK_CAPTURE_AUTORELEASING = YES;
				CLANG_WARN_BOOL_CONVERSION = YES;
				CLANG_WARN_COMMA = YES;
				CLANG_WARN_CONSTANT_CONVERSION = YES;
				CLANG_WARN_DEPRECATED_OBJC_IMPLEMENTATIONS = YES;
				CLANG_WARN_DIRECT_OBJC_ISA_USAGE = YES_ERROR;
				CLANG_WARN_DOCUMENTATION_COMMENTS = YES;
				CLANG_WARN_EMPTY_BODY = YES;
				CLANG_WARN_ENUM_CONVERSION = YES;
				CLANG_WARN_INFINITE_RECURSION = YES;
				CLANG_WARN_INT_CONVERSION = YES;
				CLANG_WARN_NON_LITERAL_NULL_CONVERSION = YES;
				CLANG_WARN_OBJC_IMPLICIT_RETAIN_SELF = YES;
				CLANG_WARN_OBJC_LITERAL_CONVERSION = YES;
				CLANG_WARN_OBJC_ROOT_CLASS = YES_ERROR;
				CLANG_WARN_QUOTED_INCLUDE_IN_FRAMEWORK_HEADER = YES;
				CLANG_WARN_RANGE_LOOP_ANALYSIS = YES;
				CLANG_WARN_STRICT_PROTOTYPES = YES;
				CLANG_WARN_SUSPICIOUS_MOVE = YES;
				CLANG_WARN_UNGUARDED_AVAILABILITY = YES_AGGRESSIVE;
				CLANG_WARN_UNREACHABLE_CODE = YES;
				CLANG_WARN__DUPLICATE_METHOD_MATCH = YES;
				COPY_PHASE_STRIP = NO;
				DEBUG_INFORMATION_FORMAT = dwarf;
				ENABLE_STRICT_OBJC_MSGSEND = YES;
				ENABLE_TESTABILITY = YES;
				GCC_C_LANGUAGE_STANDARD = gnu11;
				GCC_DYNAMIC_NO_PIC = NO;
				GCC_NO_COMMON_BLOCKS = YES;
				GCC_OPTIMIZATION_LEVEL = 0;
				GCC_PREPROCESSOR_DEFINITIONS = (
					"DEBUG=1",
					"$(inherited)",
				);
				GCC_WARN_64_TO_32_BIT_CONVERSION = YES;
				GCC_WARN_ABOUT_RETURN_TYPE = YES_ERROR;
				GCC_WARN_UNDECLARED_SELECTOR = YES;
				GCC_WARN_UNINITIALIZED_AUTOS = YES_AGGRESSIVE;
				GCC_WARN_UNUSED_FUNCTION = YES;
				GCC_WARN_UNUSED_VARIABLE = YES;
				MACOSX_DEPLOYMENT_TARGET = 12.6;
				MTL_ENABLE_DEBUG_INFO = INCLUDE_SOURCE;
				MTL_FAST_MATH = YES;
				ONLY_ACTIVE_ARCH = YES;
				SDKROOT = macosx;
			};
			name = Debug;
		};
		3DC008C02966A2F100BE51BD /* Release */ = {
			isa = XCBuildConfiguration;
			buildSettings = {
				ALWAYS_SEARCH_USER_PATHS = NO;
				CLANG_ANALYZER_NONNULL = YES;
				CLANG_ANALYZER_NUMBER_OBJECT_CONVERSION = YES_AGGRESSIVE;
				CLANG_CXX_LANGUAGE_STANDARD = "gnu++20";
				CLANG_ENABLE_MODULES = YES;
				CLANG_ENABLE_OBJC_ARC = YES;
				CLANG_ENABLE_OBJC_WEAK = YES;
				CLANG_WARN_BLOCK_CAPTURE_AUTORELEASING = YES;
				CLANG_WARN_BOOL_CONVERSION = YES;
				CLANG_WARN_COMMA = YES;
				CLANG_WARN_CONSTANT_CONVERSION = YES;
				CLANG_WARN_DEPRECATED_OBJC_IMPLEMENTATIONS = YES;
				CLANG_WARN_DIRECT_OBJC_ISA_USAGE = YES_ERROR;
				CLANG_WARN_DOCUMENTATION_COMMENTS = YES;
				CLANG_WARN_EMPTY_BODY = YES;
				CLANG_WARN_ENUM_CONVERSION = YES;
				CLANG_WARN_INFINITE_RECURSION = YES;
				CLANG_WARN_INT_CONVERSION = YES;
				CLANG_WARN_NON_LITERAL_NULL_CONVERSION = YES;
				CLANG_WARN_OBJC_IMPLICIT_RETAIN_SELF = YES;
				CLANG_WARN_OBJC_LITERAL_CONVERSION = YES;
				CLANG_WARN_OBJC_ROOT_CLASS = YES_ERROR;
				CLANG_WARN_QUOTED_INCLUDE_IN_FRAMEWORK_HEADER = YES;
				CLANG_WARN_RANGE_LOOP_ANALYSIS = YES;
				CLANG_WARN_STRICT_PROTOTYPES = YES;
				CLANG_WARN_SUSPICIOUS_MOVE = YES;
				CLANG_WARN_UNGUARDED_AVAILABILITY = YES_AGGRESSIVE;
				CLANG_WARN_UNREACHABLE_CODE = YES;
				CLANG_WARN__DUPLICATE_METHOD_MATCH = YES;
				COPY_PHASE_STRIP = NO;
				DEBUG_INFORMATION_FORMAT = "dwarf-with-dsym";
				ENABLE_NS_ASSERTIONS = NO;
				ENABLE_STRICT_OBJC_MSGSEND = YES;
				GCC_C_LANGUAGE_STANDARD = gnu11;
				GCC_NO_COMMON_BLOCKS = YES;
				GCC_WARN_64_TO_32_BIT_CONVERSION = YES;
				GCC_WARN_ABOUT_RETURN_TYPE = YES_ERROR;
				GCC_WARN_UNDECLARED_SELECTOR = YES;
				GCC_WARN_UNINITIALIZED_AUTOS = YES_AGGRESSIVE;
				GCC_WARN_UNUSED_FUNCTION = YES;
				GCC_WARN_UNUSED_VARIABLE = YES;
				MACOSX_DEPLOYMENT_TARGET = 12.6;
				MTL_ENABLE_DEBUG_INFO = NO;
				MTL_FAST_MATH = YES;
				SDKROOT = macosx;
			};
			name = Release;
		};
		3DC008C22966A2F100BE51BD /* Debug */ = {
			isa = XCBuildConfiguration;
			buildSettings = {
				CODE_SIGN_STYLE = Automatic;
				GCC_NO_COMMON_BLOCKS = NO;
				PRODUCT_NAME = "$(TARGET_NAME)";
			};
			name = Debug;
		};
		3DC008C32966A2F100BE51BD /* Release */ = {
			isa = XCBuildConfiguration;
			buildSettings = {
				CODE_SIGN_STYLE = Automatic;
				GCC_NO_COMMON_BLOCKS = NO;
				PRODUCT_NAME = "$(TARGET_NAME)";
			};
			name = Release;
		};
/* End XCBuildConfiguration section */

/* Begin XCConfigurationList section */
		3DC008B52966A2F100BE51BD /* Build configuration list for PBXProject "CodingTest" */ = {
			isa = XCConfigurationList;
			buildConfigurations = (
				3DC008BF2966A2F100BE51BD /* Debug */,
				3DC008C02966A2F100BE51BD /* Release */,
			);
			defaultConfigurationIsVisible = 0;
			defaultConfigurationName = Release;
		};
		3DC008C12966A2F100BE51BD /* Build configuration list for PBXNativeTarget "Array" */ = {
			isa = XCConfigurationList;
			buildConfigurations = (
				3DC008C22966A2F100BE51BD /* Debug */,
				3DC008C32966A2F100BE51BD /* Release */,
			);
			defaultConfigurationIsVisible = 0;
			defaultConfigurationName = Release;
		};
/* End XCConfigurationList section */
	};
	rootObject = 3DC008B22966A2F100BE51BD /* Project object */;
}
